
Microsoft Visual Studio Solution File, Format Version 12.00
# Visual Studio Version 17
VisualStudioVersion = 17.5.002.0
MinimumVisualStudioVersion = 10.0.40219.1
Project("{9A19103F-16F7-4668-BE54-9A1E7A4F7556}") = "Badeend.Result", "Badeend.Result\Badeend.Result.csproj", "{05B936ED-1B7B-45D6-96E5-94186F479022}"
EndProject
Project("{9A19103F-16F7-4668-BE54-9A1E7A4F7556}") = "Badeend.Result.Tests", "Badeend.Result.Tests\Badeend.Result.Tests.csproj", "{25DA6479-2CAA-4517-B31A-CE5D86FDAA9F}"
EndProject
Global
	GlobalSection(SolutionConfigurationPlatforms) = preSolution
		Debug|Any CPU = Debug|Any CPU
		Release|Any CPU = Release|Any CPU
	EndGlobalSection
	GlobalSection(ProjectConfigurationPlatforms) = postSolution
		{05B936ED-1B7B-45D6-96E5-94186F479022}.Debug|Any CPU.ActiveCfg = Debug|Any CPU
		{05B936ED-1B7B-45D6-96E5-94186F479022}.Debug|Any CPU.Build.0 = Debug|Any CPU
		{05B936ED-1B7B-45D6-96E5-94186F479022}.Release|Any CPU.ActiveCfg = Release|Any CPU
		{05B936ED-1B7B-45D6-96E5-94186F479022}.Release|Any CPU.Build.0 = Release|Any CPU
		{25DA6479-2CAA-4517-B31A-CE5D86FDAA9F}.Debug|Any CPU.ActiveCfg = Debug|Any CPU
		{25DA6479-2CAA-4517-B31A-CE5D86FDAA9F}.Debug|Any CPU.Build.0 = Debug|Any CPU
		{25DA6479-2CAA-4517-B31A-CE5D86FDAA9F}.Release|Any CPU.ActiveCfg = Release|Any CPU
		{25DA6479-2CAA-4517-B31A-CE5D86FDAA9F}.Release|Any CPU.Build.0 = Release|Any CPU
	EndGlobalSection
	GlobalSection(SolutionProperties) = preSolution
		HideSolutionNode = FALSE
	EndGlobalSection
	GlobalSection(ExtensibilityGlobals) = postSolution
		SolutionGuid = {058B8454-D1F3-406B-B22E-01AC3C4B5C84}
	EndGlobalSection
EndGlobal
